
Microsoft Visual Studio Solution File, Format Version 12.00
# Visual Studio 14
VisualStudioVersion = 14.0.25420.1
MinimumVisualStudioVersion = 10.0.40219.1
Project("{FAE04EC0-301F-11D3-BF4B-00C04F79EFBC}") = "Common", "Common\Common.csproj", "{A0D0792F-4D8F-4DD9-82E5-4CFB1420454D}"
EndProject
Project("{FAE04EC0-301F-11D3-BF4B-00C04F79EFBC}") = "MainProject", "MainProject\MainProject.csproj", "{6949B0A7-DA3A-4A9F-A268-F685F17D17A2}"
EndProject
Project("{2150E333-8FDC-42A3-9474-1A3956D46DE8}") = "ContainedProject", "ContainedProject", "{1DD7E9C0-D4A2-4D0B-BD61-D37C1509914D}"
EndProject
Project("{FAE04EC0-301F-11D3-BF4B-00C04F79EFBC}") = "NoMEF", "NoMEF\NoMEF.csproj", "{35A9A92B-86BB-4C6C-B5EC-C0D42FD378DD}"
EndProject
Project("{2150E333-8FDC-42A3-9474-1A3956D46DE8}") = "Sports", "Sports", "{D67C51E8-0576-426D-BB0B-F3CD6FC7C360}"
EndProject
Project("{FAE04EC0-301F-11D3-BF4B-00C04F79EFBC}") = "Dukim", "Dukim\Dukim.csproj", "{F53775E8-A5C7-4DE5-8B69-21C187881F53}"
EndProject
Project("{FAE04EC0-301F-11D3-BF4B-00C04F79EFBC}") = "MEF", "MEF\MEF.csproj", "{E442E189-D266-45BA-9E96-E9BC691E01B9}"
EndProject
Project("{FAE04EC0-301F-11D3-BF4B-00C04F79EFBC}") = "UpTheEscalator", "UpTheEscalator\UpTheEscalator.csproj", "{01C925F8-88D3-4C63-807E-483784B6F581}"
EndProject
Project("{FAE04EC0-301F-11D3-BF4B-00C04F79EFBC}") = "XBox", "XBox\XBox.csproj", "{4998D551-13C7-4E7B-B660-94F277E6644F}"
EndProject
Global
	GlobalSection(SolutionConfigurationPlatforms) = preSolution
		Debug|Any CPU = Debug|Any CPU
		Release|Any CPU = Release|Any CPU
	EndGlobalSection
	GlobalSection(ProjectConfigurationPlatforms) = postSolution
		{A0D0792F-4D8F-4DD9-82E5-4CFB1420454D}.Debug|Any CPU.ActiveCfg = Debug|Any CPU
		{A0D0792F-4D8F-4DD9-82E5-4CFB1420454D}.Debug|Any CPU.Build.0 = Debug|Any CPU
		{A0D0792F-4D8F-4DD9-82E5-4CFB1420454D}.Release|Any CPU.ActiveCfg = Release|Any CPU
		{A0D0792F-4D8F-4DD9-82E5-4CFB1420454D}.Release|Any CPU.Build.0 = Release|Any CPU
		{6949B0A7-DA3A-4A9F-A268-F685F17D17A2}.Debug|Any CPU.ActiveCfg = Debug|Any CPU
		{6949B0A7-DA3A-4A9F-A268-F685F17D17A2}.Debug|Any CPU.Build.0 = Debug|Any CPU
		{6949B0A7-DA3A-4A9F-A268-F685F17D17A2}.Release|Any CPU.ActiveCfg = Release|Any CPU
		{6949B0A7-DA3A-4A9F-A268-F685F17D17A2}.Release|Any CPU.Build.0 = Release|Any CPU
		{35A9A92B-86BB-4C6C-B5EC-C0D42FD378DD}.Debug|Any CPU.ActiveCfg = Debug|Any CPU
		{35A9A92B-86BB-4C6C-B5EC-C0D42FD378DD}.Debug|Any CPU.Build.0 = Debug|Any CPU
		{35A9A92B-86BB-4C6C-B5EC-C0D42FD378DD}.Release|Any CPU.ActiveCfg = Release|Any CPU
		{35A9A92B-86BB-4C6C-B5EC-C0D42FD378DD}.Release|Any CPU.Build.0 = Release|Any CPU
		{F53775E8-A5C7-4DE5-8B69-21C187881F53}.Debug|Any CPU.ActiveCfg = Debug|Any CPU
		{F53775E8-A5C7-4DE5-8B69-21C187881F53}.Debug|Any CPU.Build.0 = Debug|Any CPU
		{F53775E8-A5C7-4DE5-8B69-21C187881F53}.Release|Any CPU.ActiveCfg = Release|Any CPU
		{F53775E8-A5C7-4DE5-8B69-21C187881F53}.Release|Any CPU.Build.0 = Release|Any CPU
		{E442E189-D266-45BA-9E96-E9BC691E01B9}.Debug|Any CPU.ActiveCfg = Debug|Any CPU
		{E442E189-D266-45BA-9E96-E9BC691E01B9}.Debug|Any CPU.Build.0 = Debug|Any CPU
		{E442E189-D266-45BA-9E96-E9BC691E01B9}.Release|Any CPU.ActiveCfg = Release|Any CPU
		{E442E189-D266-45BA-9E96-E9BC691E01B9}.Release|Any CPU.Build.0 = Release|Any CPU
		{01C925F8-88D3-4C63-807E-483784B6F581}.Debug|Any CPU.ActiveCfg = Debug|Any CPU
		{01C925F8-88D3-4C63-807E-483784B6F581}.Debug|Any CPU.Build.0 = Debug|Any CPU
		{01C925F8-88D3-4C63-807E-483784B6F581}.Release|Any CPU.ActiveCfg = Release|Any CPU
		{01C925F8-88D3-4C63-807E-483784B6F581}.Release|Any CPU.Build.0 = Release|Any CPU
		{4998D551-13C7-4E7B-B660-94F277E6644F}.Debug|Any CPU.ActiveCfg = Debug|Any CPU
		{4998D551-13C7-4E7B-B660-94F277E6644F}.Debug|Any CPU.Build.0 = Debug|Any CPU
		{4998D551-13C7-4E7B-B660-94F277E6644F}.Release|Any CPU.ActiveCfg = Release|Any CPU
		{4998D551-13C7-4E7B-B660-94F277E6644F}.Release|Any CPU.Build.0 = Release|Any CPU
	EndGlobalSection
	GlobalSection(SolutionProperties) = preSolution
		HideSolutionNode = FALSE
	EndGlobalSection
	GlobalSection(NestedProjects) = preSolution
		{35A9A92B-86BB-4C6C-B5EC-C0D42FD378DD} = {1DD7E9C0-D4A2-4D0B-BD61-D37C1509914D}
		{F53775E8-A5C7-4DE5-8B69-21C187881F53} = {D67C51E8-0576-426D-BB0B-F3CD6FC7C360}
		{E442E189-D266-45BA-9E96-E9BC691E01B9} = {1DD7E9C0-D4A2-4D0B-BD61-D37C1509914D}
		{01C925F8-88D3-4C63-807E-483784B6F581} = {D67C51E8-0576-426D-BB0B-F3CD6FC7C360}
		{4998D551-13C7-4E7B-B660-94F277E6644F} = {D67C51E8-0576-426D-BB0B-F3CD6FC7C360}
	EndGlobalSection
EndGlobal
